
Microsoft Visual Studio Solution File, Format Version 12.00
# Visual Studio 15
VisualStudioVersion = 15.0.28307.271
MinimumVisualStudioVersion = 10.0.40219.1
Project("{FAE04EC0-301F-11D3-BF4B-00C04F79EFBC}") = "PlusOuMoinsGame", "PlusOuMoinsGame\PlusOuMoinsGame.csproj", "{D6459A37-649A-4735-BB0C-B11B436891AC}"
EndProject
Global
	GlobalSection(SolutionConfigurationPlatforms) = preSolution
		Debug|Any CPU = Debug|Any CPU
		Release|Any CPU = Release|Any CPU
	EndGlobalSection
	GlobalSection(ProjectConfigurationPlatforms) = postSolution
		{D6459A37-649A-4735-BB0C-B11B436891AC}.Debug|Any CPU.ActiveCfg = Debug|Any CPU
		{D6459A37-649A-4735-BB0C-B11B436891AC}.Debug|Any CPU.Build.0 = Debug|Any CPU
		{D6459A37-649A-4735-BB0C-B11B436891AC}.Release|Any CPU.ActiveCfg = Release|Any CPU
		{D6459A37-649A-4735-BB0C-B11B436891AC}.Release|Any CPU.Build.0 = Release|Any CPU
	EndGlobalSection
	GlobalSection(SolutionProperties) = preSolution
		HideSolutionNode = FALSE
	EndGlobalSection
	GlobalSection(ExtensibilityGlobals) = postSolution
		SolutionGuid = {E733FD0D-C2CF-4911-86C7-C47E8C3C019F}
	EndGlobalSection
EndGlobal
