
Microsoft Visual Studio Solution File, Format Version 12.00
# Visual Studio 15
VisualStudioVersion = 15.0.28307.572
MinimumVisualStudioVersion = 10.0.40219.1
Project("{FAE04EC0-301F-11D3-BF4B-00C04F79EFBC}") = "WindowsFormsApp1", "WindowsFormsApp1\WindowsFormsApp1.csproj", "{19FC6080-02EA-4546-AC0B-2EDD9865B46E}"
EndProject
Global
	GlobalSection(SolutionConfigurationPlatforms) = preSolution
		Debug|Any CPU = Debug|Any CPU
		Release|Any CPU = Release|Any CPU
	EndGlobalSection
	GlobalSection(ProjectConfigurationPlatforms) = postSolution
		{19FC6080-02EA-4546-AC0B-2EDD9865B46E}.Debug|Any CPU.ActiveCfg = Debug|Any CPU
		{19FC6080-02EA-4546-AC0B-2EDD9865B46E}.Debug|Any CPU.Build.0 = Debug|Any CPU
		{19FC6080-02EA-4546-AC0B-2EDD9865B46E}.Release|Any CPU.ActiveCfg = Release|Any CPU
		{19FC6080-02EA-4546-AC0B-2EDD9865B46E}.Release|Any CPU.Build.0 = Release|Any CPU
	EndGlobalSection
	GlobalSection(SolutionProperties) = preSolution
		HideSolutionNode = FALSE
	EndGlobalSection
	GlobalSection(ExtensibilityGlobals) = postSolution
		SolutionGuid = {BF8DF042-D2D1-4CFC-9356-1AE535E5A870}
	EndGlobalSection
EndGlobal
